Microsoft Visual Studio Solution File, Format Version 12.00
# Visual Studio Version 17
VisualStudioVersion = 17.9.34414.90
MinimumVisualStudioVersion = 16.0.0.0
Project("{9A19103F-16F7-4668-BE54-9A1E7A4F7556}") = "BlazorSamples.AppHost", "src\BlazorSamples.AppHost\BlazorSamples.AppHost.csproj", "{D0830F0F-8D6B-4E62-9922-A452EF2D32C4}"
EndProject
Project("{9A19103F-16F7-4668-BE54-9A1E7A4F7556}") = "BlazorSamples.ServiceDefaults", "src\BlazorSamples.ServiceDefaults\BlazorSamples.ServiceDefaults.csproj", "{415133C2-7FAC-4013-8CF9-C12CB907A408}"
EndProject
Project("{9A19103F-16F7-4668-BE54-9A1E7A4F7556}") = "BlazorSamples.Shared", "src\BlazorSamples.Shared\BlazorSamples.Shared.csproj", "{EC53ADC6-A1A8-4E2D-9D76-DEA870F34968}"
EndProject
Project("{9A19103F-16F7-4668-BE54-9A1E7A4F7556}") = "BlazorSamples.Api", "src\BlazorSamples.Api\BlazorSamples.Api.csproj", "{25D4FF22-612F-4A93-B96C-FFCF360571EE}"
EndProject
Project("{9A19103F-16F7-4668-BE54-9A1E7A4F7556}") = "BlazorSamples.Web", "src\BlazorSamples.Web\BlazorSamples.Web.csproj", "{E7B1D982-A113-4169-959C-4606DA560ACF}"
EndProject
Project("{9A19103F-16F7-4668-BE54-9A1E7A4F7556}") = "BlazorSamples.Web.Client", "src\BlazorSamples.Web.Client\BlazorSamples.Web.Client.csproj", "{C1AECFA2-3EC8-4514-945F-E40466ECE1E4}"
EndProject
Project("{9A19103F-16F7-4668-BE54-9A1E7A4F7556}") = "BlazorSamples.Aspire", "src\BlazorSamples.Aspire\BlazorSamples.Aspire.csproj", "{B174C75D-5C64-4E8A-97B4-00C83BB6AEA3}"
EndProject
Project("{9A19103F-16F7-4668-BE54-9A1E7A4F7556}") = "BlazorSamples.LegacyApi", "src\BlazorSamples.LegacyApi\BlazorSamples.LegacyApi.csproj", "{99A59D16-4734-443F-AEBB-2DAA4ECCD991}"
EndProject
Project("{9A19103F-16F7-4668-BE54-9A1E7A4F7556}") = "BlazorSamples.ScratchConsole", "src\BlazorSamples.ScratchConsole\BlazorSamples.ScratchConsole.csproj", "{85487B7A-6AA2-4B55-8EF4-7503B119C716}"
EndProject
Project("{9A19103F-16F7-4668-BE54-9A1E7A4F7556}") = "BlazorSamples.Rpc", "src\BlazorSamples.Rpc\BlazorSamples.Rpc.csproj", "{83A90250-F0D8-40AC-9376-26E25EAE275F}"
EndProject
Project("{9A19103F-16F7-4668-BE54-9A1E7A4F7556}") = "BlazorSamples.Ws", "src\BlazorSamples.Ws\BlazorSamples.Ws.csproj", "{6C39F5ED-34DF-47FB-9549-EC1F65EEAFB6}"
EndProject
Project("{9A19103F-16F7-4668-BE54-9A1E7A4F7556}") = "BlazorSamples.Ws2", "src\BlazorSamples.Ws2\BlazorSamples.Ws2.csproj", "{AAD29C72-ADB6-4AD2-807F-CFC8086AE269}"
EndProject
Global
	GlobalSection(SolutionConfigurationPlatforms) = preSolution
		Debug|Any CPU = Debug|Any CPU
		Release|Any CPU = Release|Any CPU
	EndGlobalSection
	GlobalSection(ProjectConfigurationPlatforms) = postSolution
		{D0830F0F-8D6B-4E62-9922-A452EF2D32C4}.Debug|Any CPU.ActiveCfg = Debug|Any CPU
		{D0830F0F-8D6B-4E62-9922-A452EF2D32C4}.Debug|Any CPU.Build.0 = Debug|Any CPU
		{D0830F0F-8D6B-4E62-9922-A452EF2D32C4}.Release|Any CPU.ActiveCfg = Release|Any CPU
		{D0830F0F-8D6B-4E62-9922-A452EF2D32C4}.Release|Any CPU.Build.0 = Release|Any CPU
		{415133C2-7FAC-4013-8CF9-C12CB907A408}.Debug|Any CPU.ActiveCfg = Debug|Any CPU
		{415133C2-7FAC-4013-8CF9-C12CB907A408}.Debug|Any CPU.Build.0 = Debug|Any CPU
		{415133C2-7FAC-4013-8CF9-C12CB907A408}.Release|Any CPU.ActiveCfg = Release|Any CPU
		{415133C2-7FAC-4013-8CF9-C12CB907A408}.Release|Any CPU.Build.0 = Release|Any CPU
		{EC53ADC6-A1A8-4E2D-9D76-DEA870F34968}.Debug|Any CPU.ActiveCfg = Debug|Any CPU
		{EC53ADC6-A1A8-4E2D-9D76-DEA870F34968}.Debug|Any CPU.Build.0 = Debug|Any CPU
		{EC53ADC6-A1A8-4E2D-9D76-DEA870F34968}.Release|Any CPU.ActiveCfg = Release|Any CPU
		{EC53ADC6-A1A8-4E2D-9D76-DEA870F34968}.Release|Any CPU.Build.0 = Release|Any CPU
		{25D4FF22-612F-4A93-B96C-FFCF360571EE}.Debug|Any CPU.ActiveCfg = Debug|Any CPU
		{25D4FF22-612F-4A93-B96C-FFCF360571EE}.Debug|Any CPU.Build.0 = Debug|Any CPU
		{25D4FF22-612F-4A93-B96C-FFCF360571EE}.Release|Any CPU.ActiveCfg = Release|Any CPU
		{25D4FF22-612F-4A93-B96C-FFCF360571EE}.Release|Any CPU.Build.0 = Release|Any CPU
		{E7B1D982-A113-4169-959C-4606DA560ACF}.Debug|Any CPU.ActiveCfg = Debug|Any CPU
		{E7B1D982-A113-4169-959C-4606DA560ACF}.Debug|Any CPU.Build.0 = Debug|Any CPU
		{E7B1D982-A113-4169-959C-4606DA560ACF}.Release|Any CPU.ActiveCfg = Release|Any CPU
		{E7B1D982-A113-4169-959C-4606DA560ACF}.Release|Any CPU.Build.0 = Release|Any CPU
		{C1AECFA2-3EC8-4514-945F-E40466ECE1E4}.Debug|Any CPU.ActiveCfg = Debug|Any CPU
		{C1AECFA2-3EC8-4514-945F-E40466ECE1E4}.Debug|Any CPU.Build.0 = Debug|Any CPU
		{C1AECFA2-3EC8-4514-945F-E40466ECE1E4}.Release|Any CPU.ActiveCfg = Release|Any CPU
		{C1AECFA2-3EC8-4514-945F-E40466ECE1E4}.Release|Any CPU.Build.0 = Release|Any CPU
		{B174C75D-5C64-4E8A-97B4-00C83BB6AEA3}.Debug|Any CPU.ActiveCfg = Debug|Any CPU
		{B174C75D-5C64-4E8A-97B4-00C83BB6AEA3}.Debug|Any CPU.Build.0 = Debug|Any CPU
		{B174C75D-5C64-4E8A-97B4-00C83BB6AEA3}.Release|Any CPU.ActiveCfg = Release|Any CPU
		{B174C75D-5C64-4E8A-97B4-00C83BB6AEA3}.Release|Any CPU.Build.0 = Release|Any CPU
		{99A59D16-4734-443F-AEBB-2DAA4ECCD991}.Debug|Any CPU.ActiveCfg = Debug|Any CPU
		{99A59D16-4734-443F-AEBB-2DAA4ECCD991}.Debug|Any CPU.Build.0 = Debug|Any CPU
		{99A59D16-4734-443F-AEBB-2DAA4ECCD991}.Release|Any CPU.ActiveCfg = Release|Any CPU
		{99A59D16-4734-443F-AEBB-2DAA4ECCD991}.Release|Any CPU.Build.0 = Release|Any CPU
		{85487B7A-6AA2-4B55-8EF4-7503B119C716}.Debug|Any CPU.ActiveCfg = Debug|Any CPU
		{85487B7A-6AA2-4B55-8EF4-7503B119C716}.Debug|Any CPU.Build.0 = Debug|Any CPU
		{85487B7A-6AA2-4B55-8EF4-7503B119C716}.Release|Any CPU.ActiveCfg = Release|Any CPU
		{85487B7A-6AA2-4B55-8EF4-7503B119C716}.Release|Any CPU.Build.0 = Release|Any CPU
		{83A90250-F0D8-40AC-9376-26E25EAE275F}.Debug|Any CPU.ActiveCfg = Debug|Any CPU
		{83A90250-F0D8-40AC-9376-26E25EAE275F}.Debug|Any CPU.Build.0 = Debug|Any CPU
		{83A90250-F0D8-40AC-9376-26E25EAE275F}.Release|Any CPU.ActiveCfg = Release|Any CPU
		{83A90250-F0D8-40AC-9376-26E25EAE275F}.Release|Any CPU.Build.0 = Release|Any CPU
		{6C39F5ED-34DF-47FB-9549-EC1F65EEAFB6}.Debug|Any CPU.ActiveCfg = Debug|Any CPU
		{6C39F5ED-34DF-47FB-9549-EC1F65EEAFB6}.Debug|Any CPU.Build.0 = Debug|Any CPU
		{6C39F5ED-34DF-47FB-9549-EC1F65EEAFB6}.Release|Any CPU.ActiveCfg = Release|Any CPU
		{6C39F5ED-34DF-47FB-9549-EC1F65EEAFB6}.Release|Any CPU.Build.0 = Release|Any CPU
		{AAD29C72-ADB6-4AD2-807F-CFC8086AE269}.Debug|Any CPU.ActiveCfg = Debug|Any CPU
		{AAD29C72-ADB6-4AD2-807F-CFC8086AE269}.Debug|Any CPU.Build.0 = Debug|Any CPU
		{AAD29C72-ADB6-4AD2-807F-CFC8086AE269}.Release|Any CPU.ActiveCfg = Release|Any CPU
		{AAD29C72-ADB6-4AD2-807F-CFC8086AE269}.Release|Any CPU.Build.0 = Release|Any CPU
	EndGlobalSection
	GlobalSection(SolutionProperties) = preSolution
		HideSolutionNode = FALSE
	EndGlobalSection
	GlobalSection(ExtensibilityGlobals) = postSolution
		SolutionGuid = {75F897D5-1657-4DB4-8579-D6367E7EFDAB}
	EndGlobalSection
EndGlobal
