{
  "name": "ts",
  "version": "1.0.0",
  "lockfileVersion": 3,
  "requires": true,
  "packages": {
    "": {
      "name": "ts",
      "version": "1.0.0",
      "license": "ISC",
      "dependencies": {
        "audiobuffer-to-wav": "^1.0.0",
        "extendable-media-recorder": "^9.1.7",
        "extendable-media-recorder-wav-encoder": "^7.0.102"
      },
      "devDependencies": {
        "@types/audiobuffer-to-wav": "^1.0.4",
        "@types/blazor__javascript-interop": "^3.1.7",
        "esbuild": "^0.19.11",
        "typescript": "^5.3.3"
      }
    },
    "node_modules/@babel/runtime": {
      "version": "7.23.8",
      "resolved": "https://registry.npmjs.org/@babel/runtime/-/runtime-7.23.8.tgz",
      "integrity": "sha512-Y7KbAP984rn1VGMbGqKmBLio9V7y5Je9GvU4rQPCPinCyNfUcToxIXl06d59URp/F3LwinvODxab5N/G6qggkw==",
      "dependencies": {
        "regenerator-runtime": "^0.14.0"
      },
      "engines": {
        "node": ">=6.9.0"
      }
    },
    "node_modules/@esbuild/aix-ppc64": {
      "version": "0.19.11",
      "resolved": "https://registry.npmjs.org/@esbuild/aix-ppc64/-/aix-ppc64-0.19.11.tgz",
      "integrity": "sha512-FnzU0LyE3ySQk7UntJO4+qIiQgI7KoODnZg5xzXIrFJlKd2P2gwHsHY4927xj9y5PJmJSzULiUCWmv7iWnNa7g==",
      "cpu": [
        "ppc64"
      ],
      "dev": true,
      "optional": true,
      "os": [
        "aix"
      ],
      "engines": {
        "node": ">=12"
      }
    },
    "node_modules/@esbuild/android-arm": {
      "version": "0.19.11",
      "resolved": "https://registry.npmjs.org/@esbuild/android-arm/-/android-arm-0.19.11.tgz",
      "integrity": "sha512-5OVapq0ClabvKvQ58Bws8+wkLCV+Rxg7tUVbo9xu034Nm536QTII4YzhaFriQ7rMrorfnFKUsArD2lqKbFY4vw==",
      "cpu": [
        "arm"
      ],
      "dev": true,
      "optional": true,
      "os": [
        "android"
      ],
      "engines": {
        "node": ">=12"
      }
    },
    "node_modules/@esbuild/android-arm64": {
      "version": "0.19.11",
      "resolved": "https://registry.npmjs.org/@esbuild/android-arm64/-/android-arm64-0.19.11.tgz",
      "integrity": "sha512-aiu7K/5JnLj//KOnOfEZ0D90obUkRzDMyqd/wNAUQ34m4YUPVhRZpnqKV9uqDGxT7cToSDnIHsGooyIczu9T+Q==",
      "cpu": [
        "arm64"
      ],
      "dev": true,
      "optional": true,
      "os": [
        "android"
      ],
      "engines": {
        "node": ">=12"
      }
    },
    "node_modules/@esbuild/android-x64": {
      "version": "0.19.11",
      "resolved": "https://registry.npmjs.org/@esbuild/android-x64/-/android-x64-0.19.11.tgz",
      "integrity": "sha512-eccxjlfGw43WYoY9QgB82SgGgDbibcqyDTlk3l3C0jOVHKxrjdc9CTwDUQd0vkvYg5um0OH+GpxYvp39r+IPOg==",
      "cpu": [
        "x64"
      ],
      "dev": true,
      "optional": true,
      "os": [
        "android"
      ],
      "engines": {
        "node": ">=12"
      }
    },
    "node_modules/@esbuild/darwin-arm64": {
      "version": "0.19.11",
      "resolved": "https://registry.npmjs.org/@esbuild/darwin-arm64/-/darwin-arm64-0.19.11.tgz",
      "integrity": "sha512-ETp87DRWuSt9KdDVkqSoKoLFHYTrkyz2+65fj9nfXsaV3bMhTCjtQfw3y+um88vGRKRiF7erPrh/ZuIdLUIVxQ==",
      "cpu": [
        "arm64"
      ],
      "dev": true,
      "optional": true,
      "os": [
        "darwin"
      ],
      "engines": {
        "node": ">=12"
      }
    },
    "node_modules/@esbuild/darwin-x64": {
      "version": "0.19.11",
      "resolved": "https://registry.npmjs.org/@esbuild/darwin-x64/-/darwin-x64-0.19.11.tgz",
      "integrity": "sha512-fkFUiS6IUK9WYUO/+22omwetaSNl5/A8giXvQlcinLIjVkxwTLSktbF5f/kJMftM2MJp9+fXqZ5ezS7+SALp4g==",
      "cpu": [
        "x64"
      ],
      "dev": true,
      "optional": true,
      "os": [
        "darwin"
      ],
      "engines": {
        "node": ">=12"
      }
    },
    "node_modules/@esbuild/freebsd-arm64": {
      "version": "0.19.11",
      "resolved": "https://registry.npmjs.org/@esbuild/freebsd-arm64/-/freebsd-arm64-0.19.11.tgz",
      "integrity": "sha512-lhoSp5K6bxKRNdXUtHoNc5HhbXVCS8V0iZmDvyWvYq9S5WSfTIHU2UGjcGt7UeS6iEYp9eeymIl5mJBn0yiuxA==",
      "cpu": [
        "arm64"
      ],
      "dev": true,
      "optional": true,
      "os": [
        "freebsd"
      ],
      "engines": {
        "node": ">=12"
      }
    },
    "node_modules/@esbuild/freebsd-x64": {
      "version": "0.19.11",
      "resolved": "https://registry.npmjs.org/@esbuild/freebsd-x64/-/freebsd-x64-0.19.11.tgz",
      "integrity": "sha512-JkUqn44AffGXitVI6/AbQdoYAq0TEullFdqcMY/PCUZ36xJ9ZJRtQabzMA+Vi7r78+25ZIBosLTOKnUXBSi1Kw==",
      "cpu": [
        "x64"
      ],
      "dev": true,
      "optional": true,
      "os": [
        "freebsd"
      ],
      "engines": {
        "node": ">=12"
      }
    },
    "node_modules/@esbuild/linux-arm": {
      "version": "0.19.11",
      "resolved": "https://registry.npmjs.org/@esbuild/linux-arm/-/linux-arm-0.19.11.tgz",
      "integrity": "sha512-3CRkr9+vCV2XJbjwgzjPtO8T0SZUmRZla+UL1jw+XqHZPkPgZiyWvbDvl9rqAN8Zl7qJF0O/9ycMtjU67HN9/Q==",
      "cpu": [
        "arm"
      ],
      "dev": true,
      "optional": true,
      "os": [
        "linux"
      ],
      "engines": {
        "node": ">=12"
      }
    },
    "node_modules/@esbuild/linux-arm64": {
      "version": "0.19.11",
      "resolved": "https://registry.npmjs.org/@esbuild/linux-arm64/-/linux-arm64-0.19.11.tgz",
      "integrity": "sha512-LneLg3ypEeveBSMuoa0kwMpCGmpu8XQUh+mL8XXwoYZ6Be2qBnVtcDI5azSvh7vioMDhoJFZzp9GWp9IWpYoUg==",
      "cpu": [
        "arm64"
      ],
      "dev": true,
      "optional": true,
      "os": [
        "linux"
      ],
      "engines": {
        "node": ">=12"
      }
    },
    "node_modules/@esbuild/linux-ia32": {
      "version": "0.19.11",
      "resolved": "https://registry.npmjs.org/@esbuild/linux-ia32/-/linux-ia32-0.19.11.tgz",
      "integrity": "sha512-caHy++CsD8Bgq2V5CodbJjFPEiDPq8JJmBdeyZ8GWVQMjRD0sU548nNdwPNvKjVpamYYVL40AORekgfIubwHoA==",
      "cpu": [
        "ia32"
      ],
      "dev": true,
      "optional": true,
      "os": [
        "linux"
      ],
      "engines": {
        "node": ">=12"
      }
    },
    "node_modules/@esbuild/linux-loong64": {
      "version": "0.19.11",
      "resolved": "https://registry.npmjs.org/@esbuild/linux-loong64/-/linux-loong64-0.19.11.tgz",
      "integrity": "sha512-ppZSSLVpPrwHccvC6nQVZaSHlFsvCQyjnvirnVjbKSHuE5N24Yl8F3UwYUUR1UEPaFObGD2tSvVKbvR+uT1Nrg==",
      "cpu": [
        "loong64"
      ],
      "dev": true,
      "optional": true,
      "os": [
        "linux"
      ],
      "engines": {
        "node": ">=12"
      }
    },
    "node_modules/@esbuild/linux-mips64el": {
      "version": "0.19.11",
      "resolved": "https://registry.npmjs.org/@esbuild/linux-mips64el/-/linux-mips64el-0.19.11.tgz",
      "integrity": "sha512-B5x9j0OgjG+v1dF2DkH34lr+7Gmv0kzX6/V0afF41FkPMMqaQ77pH7CrhWeR22aEeHKaeZVtZ6yFwlxOKPVFyg==",
      "cpu": [
        "mips64el"
      ],
      "dev": true,
      "optional": true,
      "os": [
        "linux"
      ],
      "engines": {
        "node": ">=12"
      }
    },
    "node_modules/@esbuild/linux-ppc64": {
      "version": "0.19.11",
      "resolved": "https://registry.npmjs.org/@esbuild/linux-ppc64/-/linux-ppc64-0.19.11.tgz",
      "integrity": "sha512-MHrZYLeCG8vXblMetWyttkdVRjQlQUb/oMgBNurVEnhj4YWOr4G5lmBfZjHYQHHN0g6yDmCAQRR8MUHldvvRDA==",
      "cpu": [
        "ppc64"
      ],
      "dev": true,
      "optional": true,
      "os": [
        "linux"
      ],
      "engines": {
        "node": ">=12"
      }
    },
    "node_modules/@esbuild/linux-riscv64": {
      "version": "0.19.11",
      "resolved": "https://registry.npmjs.org/@esbuild/linux-riscv64/-/linux-riscv64-0.19.11.tgz",
      "integrity": "sha512-f3DY++t94uVg141dozDu4CCUkYW+09rWtaWfnb3bqe4w5NqmZd6nPVBm+qbz7WaHZCoqXqHz5p6CM6qv3qnSSQ==",
      "cpu": [
        "riscv64"
      ],
      "dev": true,
      "optional": true,
      "os": [
        "linux"
      ],
      "engines": {
        "node": ">=12"
      }
    },
    "node_modules/@esbuild/linux-s390x": {
      "version": "0.19.11",
      "resolved": "https://registry.npmjs.org/@esbuild/linux-s390x/-/linux-s390x-0.19.11.tgz",
      "integrity": "sha512-A5xdUoyWJHMMlcSMcPGVLzYzpcY8QP1RtYzX5/bS4dvjBGVxdhuiYyFwp7z74ocV7WDc0n1harxmpq2ePOjI0Q==",
      "cpu": [
        "s390x"
      ],
      "dev": true,
      "optional": true,
      "os": [
        "linux"
      ],
      "engines": {
        "node": ">=12"
      }
    },
    "node_modules/@esbuild/linux-x64": {
      "version": "0.19.11",
      "resolved": "https://registry.npmjs.org/@esbuild/linux-x64/-/linux-x64-0.19.11.tgz",
      "integrity": "sha512-grbyMlVCvJSfxFQUndw5mCtWs5LO1gUlwP4CDi4iJBbVpZcqLVT29FxgGuBJGSzyOxotFG4LoO5X+M1350zmPA==",
      "cpu": [
        "x64"
      ],
      "dev": true,
      "optional": true,
      "os": [
        "linux"
      ],
      "engines": {
        "node": ">=12"
      }
    },
    "node_modules/@esbuild/netbsd-x64": {
      "version": "0.19.11",
      "resolved": "https://registry.npmjs.org/@esbuild/netbsd-x64/-/netbsd-x64-0.19.11.tgz",
      "integrity": "sha512-13jvrQZJc3P230OhU8xgwUnDeuC/9egsjTkXN49b3GcS5BKvJqZn86aGM8W9pd14Kd+u7HuFBMVtrNGhh6fHEQ==",
      "cpu": [
        "x64"
      ],
      "dev": true,
      "optional": true,
      "os": [
        "netbsd"
      ],
      "engines": {
        "node": ">=12"
      }
    },
    "node_modules/@esbuild/openbsd-x64": {
      "version": "0.19.11",
      "resolved": "https://registry.npmjs.org/@esbuild/openbsd-x64/-/openbsd-x64-0.19.11.tgz",
      "integrity": "sha512-ysyOGZuTp6SNKPE11INDUeFVVQFrhcNDVUgSQVDzqsqX38DjhPEPATpid04LCoUr2WXhQTEZ8ct/EgJCUDpyNw==",
      "cpu": [
        "x64"
      ],
      "dev": true,
      "optional": true,
      "os": [
        "openbsd"
      ],
      "engines": {
        "node": ">=12"
      }
    },
    "node_modules/@esbuild/sunos-x64": {
      "version": "0.19.11",
      "resolved": "https://registry.npmjs.org/@esbuild/sunos-x64/-/sunos-x64-0.19.11.tgz",
      "integrity": "sha512-Hf+Sad9nVwvtxy4DXCZQqLpgmRTQqyFyhT3bZ4F2XlJCjxGmRFF0Shwn9rzhOYRB61w9VMXUkxlBy56dk9JJiQ==",
      "cpu": [
        "x64"
      ],
      "dev": true,
      "optional": true,
      "os": [
        "sunos"
      ],
      "engines": {
        "node": ">=12"
      }
    },
    "node_modules/@esbuild/win32-arm64": {
      "version": "0.19.11",
      "resolved": "https://registry.npmjs.org/@esbuild/win32-arm64/-/win32-arm64-0.19.11.tgz",
      "integrity": "sha512-0P58Sbi0LctOMOQbpEOvOL44Ne0sqbS0XWHMvvrg6NE5jQ1xguCSSw9jQeUk2lfrXYsKDdOe6K+oZiwKPilYPQ==",
      "cpu": [
        "arm64"
      ],
      "dev": true,
      "optional": true,
      "os": [
        "win32"
      ],
      "engines": {
        "node": ">=12"
      }
    },
    "node_modules/@esbuild/win32-ia32": {
      "version": "0.19.11",
      "resolved": "https://registry.npmjs.org/@esbuild/win32-ia32/-/win32-ia32-0.19.11.tgz",
      "integrity": "sha512-6YOrWS+sDJDmshdBIQU+Uoyh7pQKrdykdefC1avn76ss5c+RN6gut3LZA4E2cH5xUEp5/cA0+YxRaVtRAb0xBg==",
      "cpu": [
        "ia32"
      ],
      "dev": true,
      "optional": true,
      "os": [
        "win32"
      ],
      "engines": {
        "node": ">=12"
      }
    },
    "node_modules/@esbuild/win32-x64": {
      "version": "0.19.11",
      "resolved": "https://registry.npmjs.org/@esbuild/win32-x64/-/win32-x64-0.19.11.tgz",
      "integrity": "sha512-vfkhltrjCAb603XaFhqhAF4LGDi2M4OrCRrFusyQ+iTLQ/o60QQXxc9cZC/FFpihBI9N1Grn6SMKVJ4KP7Fuiw==",
      "cpu": [
        "x64"
      ],
      "dev": true,
      "optional": true,
      "os": [
        "win32"
      ],
      "engines": {
        "node": ">=12"
      }
    },
    "node_modules/@types/audiobuffer-to-wav": {
      "version": "1.0.4",
      "resolved": "https://registry.npmjs.org/@types/audiobuffer-to-wav/-/audiobuffer-to-wav-1.0.4.tgz",
      "integrity": "sha512-lxIdj8z6koV3CEVW6wEXQiH2XBeTzxq1WWa3BtNtCtH++LO7ivWkciki4to0gmphhDKhSSxlce1zJaHIKJMolw==",
      "dev": true
    },
    "node_modules/@types/blazor__javascript-interop": {
      "version": "3.1.7",
      "resolved": "https://registry.npmjs.org/@types/blazor__javascript-interop/-/blazor__javascript-interop-3.1.7.tgz",
      "integrity": "sha512-yiY2xNr+J4wC6ISHrKK4ZiouLXokosmgyxmYiuiKyVC4GRv0ItAO5fdGGTbjCqUOQRB342ZEyFyG5mN8893+CA==",
      "dev": true
    },
    "node_modules/audiobuffer-to-wav": {
      "version": "1.0.0",
      "resolved": "https://registry.npmjs.org/audiobuffer-to-wav/-/audiobuffer-to-wav-1.0.0.tgz",
      "integrity": "sha512-CAoir4NRrAzAgYo20tEMiKZR84coE8bq/L+H2kwAaULVY4+0xySsEVtNT5raqpzmH6y0pqzY6EmoViLd9W8F/w=="
    },
    "node_modules/automation-events": {
      "version": "6.0.14",
      "resolved": "https://registry.npmjs.org/automation-events/-/automation-events-6.0.14.tgz",
      "integrity": "sha512-CoxZlKaVDGfjdfOULxd6ws8gQ/WLCw7JXub4qb0LM55otKQL9j2BnlN07lT/0V75SGzLMOElfXpTvWqzzIHx0w==",
      "dependencies": {
        "@babel/runtime": "^7.23.8",
        "tslib": "^2.6.2"
      },
      "engines": {
        "node": ">=16.1.0"
      }
    },
    "node_modules/broker-factory": {
      "version": "3.0.90",
      "resolved": "https://registry.npmjs.org/broker-factory/-/broker-factory-3.0.90.tgz",
      "integrity": "sha512-lJkaJYuQgmiRaE0zFXKamXdFpsDxXrQpJ4ozSArlyErZh3h5wwYtVqhjYRr0e5eXQuWaH89F71ilLSfnngl/pg==",
      "dependencies": {
        "@babel/runtime": "^7.23.8",
        "fast-unique-numbers": "^8.0.13",
        "tslib": "^2.6.2",
        "worker-factory": "^7.0.17"
      }
    },
    "node_modules/compilerr": {
      "version": "11.0.14",
      "resolved": "https://registry.npmjs.org/compilerr/-/compilerr-11.0.14.tgz",
      "integrity": "sha512-lXAwrvTvH6BWGT2OUnShVQ64YM5NdUbhBgqkCNZs6dV3yyUUqYwV1a8s7BamNlWKAdF3P7BFCtlF21shnnxspQ==",
      "dependencies": {
        "@babel/runtime": "^7.23.8",
        "dashify": "^2.0.0",
        "indefinite-article": "0.0.2",
        "tslib": "^2.6.2"
      },
      "engines": {
        "node": ">=16.1.0"
      }
    },
    "node_modules/dashify": {
      "version": "2.0.0",
      "resolved": "https://registry.npmjs.org/dashify/-/dashify-2.0.0.tgz",
      "integrity": "sha512-hpA5C/YrPjucXypHPPc0oJ1l9Hf6wWbiOL7Ik42cxnsUOhWiCB/fylKbKqqJalW9FgkNQCw16YO8uW9Hs0Iy1A==",
      "engines": {
        "node": ">=4"
      }
    },
    "node_modules/esbuild": {
      "version": "0.19.11",
      "resolved": "https://registry.npmjs.org/esbuild/-/esbuild-0.19.11.tgz",
      "integrity": "sha512-HJ96Hev2hX/6i5cDVwcqiJBBtuo9+FeIJOtZ9W1kA5M6AMJRHUZlpYZ1/SbEwtO0ioNAW8rUooVpC/WehY2SfA==",
      "dev": true,
      "hasInstallScript": true,
      "bin": {
        "esbuild": "bin/esbuild"
      },
      "engines": {
        "node": ">=12"
      },
      "optionalDependencies": {
        "@esbuild/aix-ppc64": "0.19.11",
        "@esbuild/android-arm": "0.19.11",
        "@esbuild/android-arm64": "0.19.11",
        "@esbuild/android-x64": "0.19.11",
        "@esbuild/darwin-arm64": "0.19.11",
        "@esbuild/darwin-x64": "0.19.11",
        "@esbuild/freebsd-arm64": "0.19.11",
        "@esbuild/freebsd-x64": "0.19.11",
        "@esbuild/linux-arm": "0.19.11",
        "@esbuild/linux-arm64": "0.19.11",
        "@esbuild/linux-ia32": "0.19.11",
        "@esbuild/linux-loong64": "0.19.11",
        "@esbuild/linux-mips64el": "0.19.11",
        "@esbuild/linux-ppc64": "0.19.11",
        "@esbuild/linux-riscv64": "0.19.11",
        "@esbuild/linux-s390x": "0.19.11",
        "@esbuild/linux-x64": "0.19.11",
        "@esbuild/netbsd-x64": "0.19.11",
        "@esbuild/openbsd-x64": "0.19.11",
        "@esbuild/sunos-x64": "0.19.11",
        "@esbuild/win32-arm64": "0.19.11",
        "@esbuild/win32-ia32": "0.19.11",
        "@esbuild/win32-x64": "0.19.11"
      }
    },
    "node_modules/extendable-media-recorder": {
      "version": "9.1.7",
      "resolved": "https://registry.npmjs.org/extendable-media-recorder/-/extendable-media-recorder-9.1.7.tgz",
      "integrity": "sha512-IIvQF6UIYTnn2rmGBxDG+sLobe4mqbb3HkTAnZ9k4DBzHrBXPuQnm42w0VvEdcuIUm1qVOAj7J0q/sKWneL1+A==",
      "dependencies": {
        "@babel/runtime": "^7.23.8",
        "media-encoder-host": "^8.0.105",
        "multi-buffer-data-view": "^5.0.14",
        "recorder-audio-worklet": "^6.0.18",
        "standardized-audio-context": "^25.3.63",
        "subscribable-things": "^2.1.29",
        "tslib": "^2.6.2"
      }
    },
    "node_modules/extendable-media-recorder-wav-encoder": {
      "version": "7.0.102",
      "resolved": "https://registry.npmjs.org/extendable-media-recorder-wav-encoder/-/extendable-media-recorder-wav-encoder-7.0.102.tgz",
      "integrity": "sha512-jlTi/1PVINRpFDC0Dqy/DqIn9UkCCPnnqIN2zQC502QYdZGAPGZTndhasIV+uK4ThfUlLbBld2Mc7Z8BnLgFBA==",
      "dependencies": {
        "@babel/runtime": "^7.23.8",
        "extendable-media-recorder-wav-encoder-broker": "^7.0.94",
        "extendable-media-recorder-wav-encoder-worker": "^8.0.91",
        "tslib": "^2.6.2"
      }
    },
    "node_modules/extendable-media-recorder-wav-encoder-broker": {
      "version": "7.0.94",
      "resolved": "https://registry.npmjs.org/extendable-media-recorder-wav-encoder-broker/-/extendable-media-recorder-wav-encoder-broker-7.0.94.tgz",
      "integrity": "sha512-HyBWUAwdxGieOeW/tFTUTii+B2Q8VBLKp3QoMMsdW/2dattRgCPmJnuLycS5QeQ+Hk6B+vRcon6Blw1P+2SU8w==",
      "dependencies": {
        "@babel/runtime": "^7.23.8",
        "broker-factory": "^3.0.90",
        "extendable-media-recorder-wav-encoder-worker": "^8.0.91",
        "tslib": "^2.6.2"
      }
    },
    "node_modules/extendable-media-recorder-wav-encoder-worker": {
      "version": "8.0.91",
      "resolved": "https://registry.npmjs.org/extendable-media-recorder-wav-encoder-worker/-/extendable-media-recorder-wav-encoder-worker-8.0.91.tgz",
      "integrity": "sha512-TVJ6h/Z0+jzUARPNRLYOZ1TJOXI83l5OXayCBRTOW3NGDFhw7jlbxxngf0tCMRI34JACiS8X1uWHiaHpg9A9Ww==",
      "dependencies": {
        "@babel/runtime": "^7.23.8",
        "tslib": "^2.6.2",
        "worker-factory": "^7.0.17"
      }
    },
    "node_modules/fast-unique-numbers": {
      "version": "8.0.13",
      "resolved": "https://registry.npmjs.org/fast-unique-numbers/-/fast-unique-numbers-8.0.13.tgz",
      "integrity": "sha512-7OnTFAVPefgw2eBJ1xj2PGGR9FwYzSUso9decayHgCDX4sJkHLdcsYTytTg+tYv+wKF3U8gJuSBz2jJpQV4u/g==",
      "dependencies": {
        "@babel/runtime": "^7.23.8",
        "tslib": "^2.6.2"
      },
      "engines": {
        "node": ">=16.1.0"
      }
    },
    "node_modules/indefinite-article": {
      "version": "0.0.2",
      "resolved": "https://registry.npmjs.org/indefinite-article/-/indefinite-article-0.0.2.tgz",
      "integrity": "sha512-Au/2XzRkvxq2J6w5uvSSbBKPZ5kzINx5F2wb0SF8xpRL8BP9Lav81TnRbfPp6p+SYjYxwaaLn4EUwI3/MmYKSw=="
    },
    "node_modules/media-encoder-host": {
      "version": "8.0.105",
      "resolved": "https://registry.npmjs.org/media-encoder-host/-/media-encoder-host-8.0.105.tgz",
      "integrity": "sha512-MJE1t3u0DH0lDkpdJK8VEeL0/3e6G68GPeq1iJpRKJM1+6ichnMerCBypiAVSwUuJeTERruoSR39QUWiyiV0Og==",
      "dependencies": {
        "@babel/runtime": "^7.23.8",
        "media-encoder-host-broker": "^7.0.95",
        "media-encoder-host-worker": "^9.1.17",
        "tslib": "^2.6.2"
      }
    },
    "node_modules/media-encoder-host-broker": {
      "version": "7.0.95",
      "resolved": "https://registry.npmjs.org/media-encoder-host-broker/-/media-encoder-host-broker-7.0.95.tgz",
      "integrity": "sha512-SfTAUixFHz4DwVHitnb7n52ptvJIq4dnL6pw3f61vxFvCYgxCkS/abQ5uhyu405Wpi3zf4JrCt8XJvtV9WcAVQ==",
      "dependencies": {
        "@babel/runtime": "^7.23.8",
        "broker-factory": "^3.0.90",
        "fast-unique-numbers": "^8.0.13",
        "media-encoder-host-worker": "^9.1.17",
        "tslib": "^2.6.2"
      }
    },
    "node_modules/media-encoder-host-worker": {
      "version": "9.1.17",
      "resolved": "https://registry.npmjs.org/media-encoder-host-worker/-/media-encoder-host-worker-9.1.17.tgz",
      "integrity": "sha512-BJ/n1C21k2bU+/C8VuhxOTRvzrWbNMqDKtOwebZtzEUHj/zd3V5/oME33MPXaDSSmU18qtBOvyoGsQfX9kfpaQ==",
      "dependencies": {
        "@babel/runtime": "^7.23.8",
        "extendable-media-recorder-wav-encoder-broker": "^7.0.94",
        "tslib": "^2.6.2",
        "worker-factory": "^7.0.17"
      }
    },
    "node_modules/multi-buffer-data-view": {
      "version": "5.0.14",
      "resolved": "https://registry.npmjs.org/multi-buffer-data-view/-/multi-buffer-data-view-5.0.14.tgz",
      "integrity": "sha512-MaATo4p+GrnsfQIoOfr6ZRaUFdkHiDgaXv7fghTzEAnfWMdhkC2VJg5cduGQIhdmgbRoXMqJ8AEgIRYGt7MX4g==",
      "dependencies": {
        "@babel/runtime": "^7.23.8",
        "tslib": "^2.6.2"
      },
      "engines": {
        "node": ">=16.1.0"
      }
    },
    "node_modules/recorder-audio-worklet": {
      "version": "6.0.18",
      "resolved": "https://registry.npmjs.org/recorder-audio-worklet/-/recorder-audio-worklet-6.0.18.tgz",
      "integrity": "sha512-qDBcA8Xo2COvgD6azgbejvrB3L4iSV06caj0Gu0BTgvi+v5HuiHbVqqOVX1nVNiwkCKBEgT7tMeB8Wc481yfGw==",
      "dependencies": {
        "@babel/runtime": "^7.23.8",
        "broker-factory": "^3.0.90",
        "fast-unique-numbers": "^8.0.13",
        "recorder-audio-worklet-processor": "^5.0.13",
        "standardized-audio-context": "^25.3.63",
        "subscribable-things": "^2.1.29",
        "tslib": "^2.6.2",
        "worker-factory": "^7.0.17"
      }
    },
    "node_modules/recorder-audio-worklet-processor": {
      "version": "5.0.13",
      "resolved": "https://registry.npmjs.org/recorder-audio-worklet-processor/-/recorder-audio-worklet-processor-5.0.13.tgz",
      "integrity": "sha512-V9ZpLU6lPtMWm16BQzFFaNafwja6egq4iFGJwPWhK6gnAlZ+9alTbsLCOoOVHQDM0aTJ6NTwp9HYHnNjgzX+Ig==",
      "dependencies": {
        "@babel/runtime": "^7.23.8",
        "tslib": "^2.6.2"
      }
    },
    "node_modules/regenerator-runtime": {
      "version": "0.14.1",
      "resolved": "https://registry.npmjs.org/regenerator-runtime/-/regenerator-runtime-0.14.1.tgz",
      "integrity": "sha512-dYnhHh0nJoMfnkZs6GmmhFknAGRrLznOu5nc9ML+EJxGvrx6H7teuevqVqCuPcPK//3eDrrjQhehXVx9cnkGdw=="
    },
    "node_modules/rxjs-interop": {
      "version": "2.0.0",
      "resolved": "https://registry.npmjs.org/rxjs-interop/-/rxjs-interop-2.0.0.tgz",
      "integrity": "sha512-ASEq9atUw7lualXB+knvgtvwkCEvGWV2gDD/8qnASzBkzEARZck9JAyxmY8OS6Nc1pCPEgDTKNcx+YqqYfzArw=="
    },
    "node_modules/standardized-audio-context": {
      "version": "25.3.63",
      "resolved": "https://registry.npmjs.org/standardized-audio-context/-/standardized-audio-context-25.3.63.tgz",
      "integrity": "sha512-6hB0GbZOx3Q0npxg1QMZTN/jioom3jMkVcr3EqZbwywytqykevtuCgZuaUJqntTzv7q2mEW9KsCUtFCpbWpCkw==",
      "dependencies": {
        "@babel/runtime": "^7.23.8",
        "automation-events": "^6.0.14",
        "tslib": "^2.6.2"
      }
    },
    "node_modules/subscribable-things": {
      "version": "2.1.29",
      "resolved": "https://registry.npmjs.org/subscribable-things/-/subscribable-things-2.1.29.tgz",
      "integrity": "sha512-6rm+HVqu+4Ccb34qE7ZbvDNeZMVgxPvytgUGt5oVSnZ7e3Vevx8AQf0GwNddF5BtOD9pRpShSqfBJcsL4y/cHw==",
      "dependencies": {
        "@babel/runtime": "^7.23.8",
        "rxjs-interop": "^2.0.0",
        "tslib": "^2.6.2"
      }
    },
    "node_modules/tslib": {
      "version": "2.6.2",
      "resolved": "https://registry.npmjs.org/tslib/-/tslib-2.6.2.tgz",
      "integrity": "sha512-AEYxH93jGFPn/a2iVAwW87VuUIkR1FVUKB77NwMF7nBTDkDrrT/Hpt/IrCJ0QXhW27jTBDcf5ZY7w6RiqTMw2Q=="
    },
    "node_modules/typescript": {
      "version": "5.3.3",
      "resolved": "https://registry.npmjs.org/typescript/-/typescript-5.3.3.tgz",
      "integrity": "sha512-pXWcraxM0uxAS+tN0AG/BF2TyqmHO014Z070UsJ+pFvYuRSq8KH8DmWpnbXe0pEPDHXZV3FcAbJkijJ5oNEnWw==",
      "dev": true,
      "bin": {
        "tsc": "bin/tsc",
        "tsserver": "bin/tsserver"
      },
      "engines": {
        "node": ">=14.17"
      }
    },
    "node_modules/worker-factory": {
      "version": "7.0.17",
      "resolved": "https://registry.npmjs.org/worker-factory/-/worker-factory-7.0.17.tgz",
      "integrity": "sha512-KxladWqxsdAUZu2RAxM1GckkrptD3ZMu3p17O6LWuNarutgtAo2zSXufS+7IWemdk7chmS6jXG/i+vth8/SP8w==",
      "dependencies": {
        "@babel/runtime": "^7.23.8",
        "compilerr": "^11.0.14",
        "fast-unique-numbers": "^8.0.13",
        "tslib": "^2.6.2"
      }
    }
  }
}
